
Microsoft Visual Studio Solution File, Format Version 12.00
# Visual Studio Version 17
VisualStudioVersion = 17.14.36518.9
MinimumVisualStudioVersion = 10.0.40219.1
Project("{FAE04EC0-301F-11D3-BF4B-00C04F79EFBC}") = "Simulator", "Simulator\Simulator.csproj", "{CFC1C648-93F0-40D7-ADFD-4053FF555E7B}"
EndProject
Project("{FAE04EC0-301F-11D3-BF4B-00C04F79EFBC}") = "Runner", "Runner\Runner.csproj", "{F7B58DB2-74FA-4EF9-A0F7-BEB9E949D497}"
EndProject
Project("{FAE04EC0-301F-11D3-BF4B-00C04F79EFBC}") = "TestSimulator", "TestSimulator\TestSimulator.csproj", "{F76E4154-5F69-4B66-870D-FBF7A41ED0DA}"
EndProject
Global
	GlobalSection(SolutionConfigurationPlatforms) = preSolution
		Debug|Any CPU = Debug|Any CPU
		Release|Any CPU = Release|Any CPU
	EndGlobalSection
	GlobalSection(ProjectConfigurationPlatforms) = postSolution
		{CFC1C648-93F0-40D7-ADFD-4053FF555E7B}.Debug|Any CPU.ActiveCfg = Debug|Any CPU
		{CFC1C648-93F0-40D7-ADFD-4053FF555E7B}.Debug|Any CPU.Build.0 = Debug|Any CPU
		{CFC1C648-93F0-40D7-ADFD-4053FF555E7B}.Release|Any CPU.ActiveCfg = Release|Any CPU
		{CFC1C648-93F0-40D7-ADFD-4053FF555E7B}.Release|Any CPU.Build.0 = Release|Any CPU
		{F7B58DB2-74FA-4EF9-A0F7-BEB9E949D497}.Debug|Any CPU.ActiveCfg = Debug|Any CPU
		{F7B58DB2-74FA-4EF9-A0F7-BEB9E949D497}.Debug|Any CPU.Build.0 = Debug|Any CPU
		{F7B58DB2-74FA-4EF9-A0F7-BEB9E949D497}.Release|Any CPU.ActiveCfg = Release|Any CPU
		{F7B58DB2-74FA-4EF9-A0F7-BEB9E949D497}.Release|Any CPU.Build.0 = Release|Any CPU
		{F76E4154-5F69-4B66-870D-FBF7A41ED0DA}.Debug|Any CPU.ActiveCfg = Debug|Any CPU
		{F76E4154-5F69-4B66-870D-FBF7A41ED0DA}.Debug|Any CPU.Build.0 = Debug|Any CPU
		{F76E4154-5F69-4B66-870D-FBF7A41ED0DA}.Release|Any CPU.ActiveCfg = Release|Any CPU
		{F76E4154-5F69-4B66-870D-FBF7A41ED0DA}.Release|Any CPU.Build.0 = Release|Any CPU
	EndGlobalSection
	GlobalSection(SolutionProperties) = preSolution
		HideSolutionNode = FALSE
	EndGlobalSection
	GlobalSection(ExtensibilityGlobals) = postSolution
		SolutionGuid = {1C4CF3C1-E826-4FC5-97F0-FD07C0230D19}
	EndGlobalSection
EndGlobal
